
Microsoft Visual Studio Solution File, Format Version 12.00
# Visual Studio 15
VisualStudioVersion = 15.0.28307.852
MinimumVisualStudioVersion = 10.0.40219.1
Project("{FAE04EC0-301F-11D3-BF4B-00C04F79EFBC}") = "Exemple_exception1", "Exemple_exception1\Exemple_exception1.csproj", "{663E1A2F-03C4-4A4C-8DCC-9ABB986FBBD6}"
EndProject
Global
	GlobalSection(SolutionConfigurationPlatforms) = preSolution
		Debug|Any CPU = Debug|Any CPU
		Release|Any CPU = Release|Any CPU
	EndGlobalSection
	GlobalSection(ProjectConfigurationPlatforms) = postSolution
		{663E1A2F-03C4-4A4C-8DCC-9ABB986FBBD6}.Debug|Any CPU.ActiveCfg = Debug|Any CPU
		{663E1A2F-03C4-4A4C-8DCC-9ABB986FBBD6}.Debug|Any CPU.Build.0 = Debug|Any CPU
		{663E1A2F-03C4-4A4C-8DCC-9ABB986FBBD6}.Release|Any CPU.ActiveCfg = Release|Any CPU
		{663E1A2F-03C4-4A4C-8DCC-9ABB986FBBD6}.Release|Any CPU.Build.0 = Release|Any CPU
	EndGlobalSection
	GlobalSection(SolutionProperties) = preSolution
		HideSolutionNode = FALSE
	EndGlobalSection
	GlobalSection(ExtensibilityGlobals) = postSolution
		SolutionGuid = {63BD04F2-596C-4BF4-975E-38EAD8C9D0AE}
	EndGlobalSection
EndGlobal
